
Microsoft Visual Studio Solution File, Format Version 12.00
Project("{FAE04EC0-301F-11D3-BF4B-00C04F79EFBC}") = "PetShelter.Uix", "PetShelter.Uix\PetShelter.Uix.csproj", "{2488D882-9526-4463-80C4-E14B046A9B6A}"
EndProject
Project("{FAE04EC0-301F-11D3-BF4B-00C04F79EFBC}") = "PetShelter.Application", "PetShelter.Application\PetShelter.Application.csproj", "{234DD704-C698-432F-BF11-452A8A3B0B31}"
EndProject
Project("{FAE04EC0-301F-11D3-BF4B-00C04F79EFBC}") = "PetShelter.DB", "PetShelter.DB\PetShelter.DB.csproj", "{D338E6F9-F4FD-4090-B75B-33F667384D32}"
EndProject
Global
	GlobalSection(SolutionConfigurationPlatforms) = preSolution
		Debug|Any CPU = Debug|Any CPU
		Release|Any CPU = Release|Any CPU
	EndGlobalSection
	GlobalSection(ProjectConfigurationPlatforms) = postSolution
		{2488D882-9526-4463-80C4-E14B046A9B6A}.Debug|Any CPU.ActiveCfg = Debug|Any CPU
		{2488D882-9526-4463-80C4-E14B046A9B6A}.Debug|Any CPU.Build.0 = Debug|Any CPU
		{2488D882-9526-4463-80C4-E14B046A9B6A}.Release|Any CPU.ActiveCfg = Release|Any CPU
		{2488D882-9526-4463-80C4-E14B046A9B6A}.Release|Any CPU.Build.0 = Release|Any CPU
		{234DD704-C698-432F-BF11-452A8A3B0B31}.Debug|Any CPU.ActiveCfg = Debug|Any CPU
		{234DD704-C698-432F-BF11-452A8A3B0B31}.Debug|Any CPU.Build.0 = Debug|Any CPU
		{234DD704-C698-432F-BF11-452A8A3B0B31}.Release|Any CPU.ActiveCfg = Release|Any CPU
		{234DD704-C698-432F-BF11-452A8A3B0B31}.Release|Any CPU.Build.0 = Release|Any CPU
		{D338E6F9-F4FD-4090-B75B-33F667384D32}.Debug|Any CPU.ActiveCfg = Debug|Any CPU
		{D338E6F9-F4FD-4090-B75B-33F667384D32}.Debug|Any CPU.Build.0 = Debug|Any CPU
		{D338E6F9-F4FD-4090-B75B-33F667384D32}.Release|Any CPU.ActiveCfg = Release|Any CPU
		{D338E6F9-F4FD-4090-B75B-33F667384D32}.Release|Any CPU.Build.0 = Release|Any CPU
	EndGlobalSection
EndGlobal
